# This file is automatically @generated by Cargo.
# It is not intended for manual editing.
[[package]]
name = "redis-ponger"
version = "0.1.0"
dependencies = [
 "serde 1.0.100 (registry+https://github.com/rust-lang/crates.io-index)",
]

[[package]]
name = "serde"
version = "1.0.100"
source = "registry+https://github.com/rust-lang/crates.io-index"

[metadata]
"checksum serde 1.0.100 (registry+https://github.com/rust-lang/crates.io-index)" = "f4473e8506b213730ff2061073b48fa51dcc66349219e2e7c5608f0296a1d95a"
